
Microsoft Visual Studio Solution File, Format Version 12.00
# Visual Studio Version 16
VisualStudioVersion = 16.0.29509.3
MinimumVisualStudioVersion = 10.0.40219.1
Project("{FAE04EC0-301F-11D3-BF4B-00C04F79EFBC}") = "Spice", "Spice.csproj", "{0880A4E6-8858-4551-BF03-60D848659E75}"
EndProject
Global
	GlobalSection(SolutionConfigurationPlatforms) = preSolution
		Debug|Any CPU = Debug|Any CPU
		Release|Any CPU = Release|Any CPU
	EndGlobalSection
	GlobalSection(ProjectConfigurationPlatforms) = postSolution
		{0880A4E6-8858-4551-BF03-60D848659E75}.Debug|Any CPU.ActiveCfg = Debug|Any CPU
		{0880A4E6-8858-4551-BF03-60D848659E75}.Debug|Any CPU.Build.0 = Debug|Any CPU
		{0880A4E6-8858-4551-BF03-60D848659E75}.Release|Any CPU.ActiveCfg = Release|Any CPU
		{0880A4E6-8858-4551-BF03-60D848659E75}.Release|Any CPU.Build.0 = Release|Any CPU
	EndGlobalSection
	GlobalSection(SolutionProperties) = preSolution
		HideSolutionNode = FALSE
	EndGlobalSection
	GlobalSection(ExtensibilityGlobals) = postSolution
		SolutionGuid = {9FE46EEE-41FF-45F4-AFCB-0B688429D340}
	EndGlobalSection
EndGlobal
